
Microsoft Visual Studio Solution File, Format Version 12.00
# Visual Studio Version 17
VisualStudioVersion = 17.13.35919.96
MinimumVisualStudioVersion = 10.0.40219.1
Project("{FAE04EC0-301F-11D3-BF4B-00C04F79EFBC}") = "Team1.VitalBridge.BackStage", "Team1.VitalBridge.BackStage\Team1.VitalBridge.BackStage.csproj", "{04BD1B1C-4B52-490F-AA67-C3473657C2DB}"
EndProject
Project("{FAE04EC0-301F-11D3-BF4B-00C04F79EFBC}") = "Team1.VitalBridge.Frontend", "Team1.VitalBridge.Frontend\Team1.VitalBridge.Frontend.csproj", "{18CBE74F-6629-4E84-9EF8-010D5A1F1A8B}"
	ProjectSection(ProjectDependencies) = postProject
		{04BD1B1C-4B52-490F-AA67-C3473657C2DB} = {04BD1B1C-4B52-490F-AA67-C3473657C2DB}
	EndProjectSection
EndProject
Global
	GlobalSection(SolutionConfigurationPlatforms) = preSolution
		Debug|Any CPU = Debug|Any CPU
		Release|Any CPU = Release|Any CPU
	EndGlobalSection
	GlobalSection(ProjectConfigurationPlatforms) = postSolution
		{04BD1B1C-4B52-490F-AA67-C3473657C2DB}.Debug|Any CPU.ActiveCfg = Debug|Any CPU
		{04BD1B1C-4B52-490F-AA67-C3473657C2DB}.Debug|Any CPU.Build.0 = Debug|Any CPU
		{04BD1B1C-4B52-490F-AA67-C3473657C2DB}.Release|Any CPU.ActiveCfg = Release|Any CPU
		{04BD1B1C-4B52-490F-AA67-C3473657C2DB}.Release|Any CPU.Build.0 = Release|Any CPU
		{18CBE74F-6629-4E84-9EF8-010D5A1F1A8B}.Debug|Any CPU.ActiveCfg = Debug|Any CPU
		{18CBE74F-6629-4E84-9EF8-010D5A1F1A8B}.Debug|Any CPU.Build.0 = Debug|Any CPU
		{18CBE74F-6629-4E84-9EF8-010D5A1F1A8B}.Release|Any CPU.ActiveCfg = Release|Any CPU
		{18CBE74F-6629-4E84-9EF8-010D5A1F1A8B}.Release|Any CPU.Build.0 = Release|Any CPU
	EndGlobalSection
	GlobalSection(SolutionProperties) = preSolution
		HideSolutionNode = FALSE
	EndGlobalSection
	GlobalSection(ExtensibilityGlobals) = postSolution
		SolutionGuid = {8B54591D-F395-4D37-AF48-CCFB68E06F17}
	EndGlobalSection
EndGlobal
